// !$*UTF8*$!
{
	archiveVersion = 1;
	classes = {
	};
	objectVersion = 46;
	objects = {

/* Begin PBXBuildFile section */
		2907EE20190068DB00EC4BA0 /* jelly.png in Resources */ = {isa = PBXBuildFile; fileRef = 2907EE1F190068DB00EC4BA0 /* jelly.png */; };
		291736C019004E5D005547B0 /* newbg1.png in Resources */ = {isa = PBXBuildFile; fileRef = 291736BE19004E5D005547B0 /* newbg1.png */; };
		291736C119004E5D005547B0 /* newbg2.png in Resources */ = {isa = PBXBuildFile; fileRef = 291736BF19004E5D005547B0 /* newbg2.png */; };
		2950A26318FF189800EF7DEC /* background.png in Resources */ = {isa = PBXBuildFile; fileRef = 2950A26218FF189800EF7DEC /* background.png */; };
		299D323E1900702500E11CB6 /* gameFloor.m in Sources */ = {isa = PBXBuildFile; fileRef = 299D323D1900702500E11CB6 /* gameFloor.m */; };
		299D3241190076F100E11CB6 /* gameTut.m in Sources */ = {isa = PBXBuildFile; fileRef = 299D3240190076F100E11CB6 /* gameTut.m */; };
		299FCF651906E81100AB7C5A /* FireParticle.sks in Resources */ = {isa = PBXBuildFile; fileRef = 299FCF631906E81100AB7C5A /* FireParticle.sks */; };
		299FCF661906E81100AB7C5A /* spark.png in Resources */ = {isa = PBXBuildFile; fileRef = 299FCF641906E81100AB7C5A /* spark.png */; };
		299FCF681906E88200AB7C5A /* SnowParticle.sks in Resources */ = {isa = PBXBuildFile; fileRef = 299FCF671906E88200AB7C5A /* SnowParticle.sks */; };
		299FCF6B1907050600AB7C5A /* Timer.m in Sources */ = {isa = PBXBuildFile; fileRef = 299FCF6A1907050600AB7C5A /* Timer.m */; };
		C0203EFD18FDAA590004143A /* Foundation.framework in Frameworks */ = {isa = PBXBuildFile; fileRef = C0203EFC18FDAA590004143A /* Foundation.framework */; };
		C0203EFF18FDAA590004143A /* CoreGraphics.framework in Frameworks */ = {isa = PBXBuildFile; fileRef = C0203EFE18FDAA590004143A /* CoreGraphics.framework */; };
		C0203F0118FDAA590004143A /* UIKit.framework in Frameworks */ = {isa = PBXBuildFile; fileRef = C0203F0018FDAA590004143A /* UIKit.framework */; };
		C0203F0318FDAA590004143A /* SpriteKit.framework in Frameworks */ = {isa = PBXBuildFile; fileRef = C0203F0218FDAA590004143A /* SpriteKit.framework */; };
		C0203F0918FDAA590004143A /* InfoPlist.strings in Resources */ = {isa = PBXBuildFile; fileRef = C0203F0718FDAA590004143A /* InfoPlist.strings */; };
		C0203F0B18FDAA590004143A /* main.m in Sources */ = {isa = PBXBuildFile; fileRef = C0203F0A18FDAA590004143A /* main.m */; };
		C0203F0F18FDAA590004143A /* AppDelegate.m in Sources */ = {isa = PBXBuildFile; fileRef = C0203F0E18FDAA590004143A /* AppDelegate.m */; };
		C0203F1218FDAA590004143A /* Main_iPhone.storyboard in Resources */ = {isa = PBXBuildFile; fileRef = C0203F1018FDAA590004143A /* Main_iPhone.storyboard */; };
		C0203F1518FDAA590004143A /* Main_iPad.storyboard in Resources */ = {isa = PBXBuildFile; fileRef = C0203F1318FDAA590004143A /* Main_iPad.storyboard */; };
		C0203F1818FDAA590004143A /* ViewController.m in Sources */ = {isa = PBXBuildFile; fileRef = C0203F1718FDAA590004143A /* ViewController.m */; };
		C0203F1B18FDAA590004143A /* gameScene.m in Sources */ = {isa = PBXBuildFile; fileRef = C0203F1A18FDAA590004143A /* gameScene.m */; };
		C0203F1D18FDAA590004143A /* Spaceship.png in Resources */ = {isa = PBXBuildFile; fileRef = C0203F1C18FDAA590004143A /* Spaceship.png */; };
		C0203F1F18FDAA590004143A /* Images.xcassets in Resources */ = {isa = PBXBuildFile; fileRef = C0203F1E18FDAA590004143A /* Images.xcassets */; };
		C0203F2618FDAA590004143A /* XCTest.framework in Frameworks */ = {isa = PBXBuildFile; fileRef = C0203F2518FDAA590004143A /* XCTest.framework */; };
		C0203F2718FDAA590004143A /* Foundation.framework in Frameworks */ = {isa = PBXBuildFile; fileRef = C0203EFC18FDAA590004143A /* Foundation.framework */; };
		C0203F2818FDAA590004143A /* UIKit.framework in Frameworks */ = {isa = PBXBuildFile; fileRef = C0203F0018FDAA590004143A /* UIKit.framework */; };
		C0203F3018FDAA590004143A /* InfoPlist.strings in Resources */ = {isa = PBXBuildFile; fileRef = C0203F2E18FDAA590004143A /* InfoPlist.strings */; };
		C0203F3218FDAA590004143A /* tutInvaderTests.m in Sources */ = {isa = PBXBuildFile; fileRef = C0203F3118FDAA590004143A /* tutInvaderTests.m */; };
		C057247318FDAD9600C83273 /* tut.png in Resources */ = {isa = PBXBuildFile; fileRef = C057247218FDAD9600C83273 /* tut.png */; };
		C0B8E8F41901D9AD006387C6 /* tiro.png in Resources */ = {isa = PBXBuildFile; fileRef = C0B8E8F31901D9AD006387C6 /* tiro.png */; };
		C0B8E8FF1901DC7D006387C6 /* tiro1.png in Resources */ = {isa = PBXBuildFile; fileRef = C0B8E8F61901DC7D006387C6 /* tiro1.png */; };
		C0B8E9001901DC7D006387C6 /* tiro2.png in Resources */ = {isa = PBXBuildFile; fileRef = C0B8E8F71901DC7D006387C6 /* tiro2.png */; };
		C0B8E9011901DC7D006387C6 /* tiro3.png in Resources */ = {isa = PBXBuildFile; fileRef = C0B8E8F81901DC7D006387C6 /* tiro3.png */; };
		C0B8E9021901DC7D006387C6 /* tiro4.png in Resources */ = {isa = PBXBuildFile; fileRef = C0B8E8F91901DC7D006387C6 /* tiro4.png */; };
		C0B8E9031901DC7D006387C6 /* tiro5.png in Resources */ = {isa = PBXBuildFile; fileRef = C0B8E8FA1901DC7D006387C6 /* tiro5.png */; };
		C0B8E9041901DC7D006387C6 /* tiro6.png in Resources */ = {isa = PBXBuildFile; fileRef = C0B8E8FB1901DC7D006387C6 /* tiro6.png */; };
		C0B8E9051901DC7D006387C6 /* tiro7.png in Resources */ = {isa = PBXBuildFile; fileRef = C0B8E8FC1901DC7D006387C6 /* tiro7.png */; };
		C0B8E9061901DC7D006387C6 /* tiro8.png in Resources */ = {isa = PBXBuildFile; fileRef = C0B8E8FD1901DC7D006387C6 /* tiro8.png */; };
		C0B8E9071901DC7D006387C6 /* tiro9.png in Resources */ = {isa = PBXBuildFile; fileRef = C0B8E8FE1901DC7D006387C6 /* tiro9.png */; };
/* End PBXBuildFile section */

/* Begin PBXContainerItemProxy section */
		C0203F2918FDAA590004143A /* PBXContainerItemProxy */ = {
			isa = PBXContainerItemProxy;
			containerPortal = C0203EF118FDAA590004143A /* Project object */;
			proxyType = 1;
			remoteGlobalIDString = C0203EF818FDAA590004143A;
			remoteInfo = tutInvader;
		};
/* End PBXContainerItemProxy section */

/* Begin PBXFileReference section */
		2907EE1F190068DB00EC4BA0 /* jelly.png */ = {isa = PBXFileReference; lastKnownFileType = image.png; path = jelly.png; sourceTree = "<group>"; };
		291736BE19004E5D005547B0 /* newbg1.png */ = {isa = PBXFileReference; lastKnownFileType = image.png; path = newbg1.png; sourceTree = "<group>"; };
		291736BF19004E5D005547B0 /* newbg2.png */ = {isa = PBXFileReference; lastKnownFileType = image.png; path = newbg2.png; sourceTree = "<group>"; };
		2950A26218FF189800EF7DEC /* background.png */ = {isa = PBXFileReference; lastKnownFileType = image.png; path = background.png; sourceTree = "<group>"; };
		299D323C1900702500E11CB6 /* gameFloor.h */ = {isa = PBXFileReference; fileEncoding = 4; lastKnownFileType = sourcecode.c.h; name = gameFloor.h; path = ../gameFloor.h; sourceTree = "<group>"; };
		299D323D1900702500E11CB6 /* gameFloor.m */ = {isa = PBXFileReference; fileEncoding = 4; lastKnownFileType = sourcecode.c.objc; name = gameFloor.m; path = ../gameFloor.m; sourceTree = "<group>"; };
		299D323F190076F100E11CB6 /* gameTut.h */ = {isa = PBXFileReference; fileEncoding = 4; lastKnownFileType = sourcecode.c.h; path = gameTut.h; sourceTree = "<group>"; };
		299D3240190076F100E11CB6 /* gameTut.m */ = {isa = PBXFileReference; fileEncoding = 4; lastKnownFileType = sourcecode.c.objc; path = gameTut.m; sourceTree = "<group>"; };
		299D32421900772900E11CB6 /* Define.h */ = {isa = PBXFileReference; lastKnownFileType = sourcecode.c.h; path = Define.h; sourceTree = "<group>"; };
		299FCF631906E81100AB7C5A /* FireParticle.sks */ = {isa = PBXFileReference; lastKnownFileType = file.sks; path = FireParticle.sks; sourceTree = "<group>"; };
		299FCF641906E81100AB7C5A /* spark.png */ = {isa = PBXFileReference; lastKnownFileType = image.png; path = spark.png; sourceTree = "<group>"; };
		299FCF671906E88200AB7C5A /* SnowParticle.sks */ = {isa = PBXFileReference; lastKnownFileType = file.sks; path = SnowParticle.sks; sourceTree = "<group>"; };
		299FCF691907050600AB7C5A /* Timer.h */ = {isa = PBXFileReference; fileEncoding = 4; lastKnownFileType = sourcecode.c.h; path = Timer.h; sourceTree = "<group>"; };
		299FCF6A1907050600AB7C5A /* Timer.m */ = {isa = PBXFileReference; fileEncoding = 4; lastKnownFileType = sourcecode.c.objc; path = Timer.m; sourceTree = "<group>"; };
		C0203EF918FDAA590004143A /* tutInvader.app */ = {isa = PBXFileReference; explicitFileType = wrapper.application; includeInIndex = 0; path = tutInvader.app; sourceTree = BUILT_PRODUCTS_DIR; };
		C0203EFC18FDAA590004143A /* Foundation.framework */ = {isa = PBXFileReference; lastKnownFileType = wrapper.framework; name = Foundation.framework; path = System/Library/Frameworks/Foundation.framework; sourceTree = SDKROOT; };
		C0203EFE18FDAA590004143A /* CoreGraphics.framework */ = {isa = PBXFileReference; lastKnownFileType = wrapper.framework; name = CoreGraphics.framework; path = System/Library/Frameworks/CoreGraphics.framework; sourceTree = SDKROOT; };
		C0203F0018FDAA590004143A /* UIKit.framework */ = {isa = PBXFileReference; lastKnownFileType = wrapper.framework; name = UIKit.framework; path = System/Library/Frameworks/UIKit.framework; sourceTree = SDKROOT; };
		C0203F0218FDAA590004143A /* SpriteKit.framework */ = {isa = PBXFileReference; lastKnownFileType = wrapper.framework; name = SpriteKit.framework; path = System/Library/Frameworks/SpriteKit.framework; sourceTree = SDKROOT; };
		C0203F0618FDAA590004143A /* tutInvader-Info.plist */ = {isa = PBXFileReference; lastKnownFileType = text.plist.xml; path = "tutInvader-Info.plist"; sourceTree = "<group>"; };
		C0203F0818FDAA590004143A /* en */ = {isa = PBXFileReference; lastKnownFileType = text.plist.strings; name = en; path = en.lproj/InfoPlist.strings; sourceTree = "<group>"; };
		C0203F0A18FDAA590004143A /* main.m */ = {isa = PBXFileReference; lastKnownFileType = sourcecode.c.objc; path = main.m; sourceTree = "<group>"; };
		C0203F0C18FDAA590004143A /* tutInvader-Prefix.pch */ = {isa = PBXFileReference; lastKnownFileType = sourcecode.c.h; path = "tutInvader-Prefix.pch"; sourceTree = "<group>"; };
		C0203F0D18FDAA590004143A /* AppDelegate.h */ = {isa = PBXFileReference; lastKnownFileType = sourcecode.c.h; path = AppDelegate.h; sourceTree = "<group>"; };
		C0203F0E18FDAA590004143A /* AppDelegate.m */ = {isa = PBXFileReference; lastKnownFileType = sourcecode.c.objc; path = AppDelegate.m; sourceTree = "<group>"; };
		C0203F1118FDAA590004143A /* Base */ = {isa = PBXFileReference; lastKnownFileType = file.storyboard; name = Base; path = Base.lproj/Main_iPhone.storyboard; sourceTree = "<group>"; };
		C0203F1418FDAA590004143A /* Base */ = {isa = PBXFileReference; lastKnownFileType = file.storyboard; name = Base; path = Base.lproj/Main_iPad.storyboard; sourceTree = "<group>"; };
		C0203F1618FDAA590004143A /* ViewController.h */ = {isa = PBXFileReference; lastKnownFileType = sourcecode.c.h; path = ViewController.h; sourceTree = "<group>"; };
		C0203F1718FDAA590004143A /* ViewController.m */ = {isa = PBXFileReference; lastKnownFileType = sourcecode.c.objc; path = ViewController.m; sourceTree = "<group>"; };
		C0203F1918FDAA590004143A /* gameScene.h */ = {isa = PBXFileReference; lastKnownFileType = sourcecode.c.h; path = gameScene.h; sourceTree = "<group>"; };
		C0203F1A18FDAA590004143A /* gameScene.m */ = {isa = PBXFileReference; lastKnownFileType = sourcecode.c.objc; path = gameScene.m; sourceTree = "<group>"; };
		C0203F1C18FDAA590004143A /* Spaceship.png */ = {isa = PBXFileReference; lastKnownFileType = image.png; path = Spaceship.png; sourceTree = "<group>"; };
		C0203F1E18FDAA590004143A /* Images.xcassets */ = {isa = PBXFileReference; lastKnownFileType = folder.assetcatalog; path = Images.xcassets; sourceTree = "<group>"; };
		C0203F2418FDAA590004143A /* tutInvaderTests.xctest */ = {isa = PBXFileReference; explicitFileType = wrapper.cfbundle; includeInIndex = 0; path = tutInvaderTests.xctest; sourceTree = BUILT_PRODUCTS_DIR; };
		C0203F2518FDAA590004143A /* XCTest.framework */ = {isa = PBXFileReference; lastKnownFileType = wrapper.framework; name = XCTest.framework; path = Library/Frameworks/XCTest.framework; sourceTree = DEVELOPER_DIR; };
		C0203F2D18FDAA590004143A /* tutInvaderTests-Info.plist */ = {isa = PBXFileReference; lastKnownFileType = text.plist.xml; path = "tutInvaderTests-Info.plist"; sourceTree = "<group>"; };
		C0203F2F18FDAA590004143A /* en */ = {isa = PBXFileReference; lastKnownFileType = text.plist.strings; name = en; path = en.lproj/InfoPlist.strings; sourceTree = "<group>"; };
		C0203F3118FDAA590004143A /* tutInvaderTests.m */ = {isa = PBXFileReference; lastKnownFileType = sourcecode.c.objc; path = tutInvaderTests.m; sourceTree = "<group>"; };
		C057247218FDAD9600C83273 /* tut.png */ = {isa = PBXFileReference; lastKnownFileType = image.png; path = tut.png; sourceTree = "<group>"; };
		C0B8E8F31901D9AD006387C6 /* tiro.png */ = {isa = PBXFileReference; lastKnownFileType = image.png; path = tiro.png; sourceTree = "<group>"; };
		C0B8E8F61901DC7D006387C6 /* tiro1.png */ = {isa = PBXFileReference; lastKnownFileType = image.png; path = tiro1.png; sourceTree = "<group>"; };
		C0B8E8F71901DC7D006387C6 /* tiro2.png */ = {isa = PBXFileReference; lastKnownFileType = image.png; path = tiro2.png; sourceTree = "<group>"; };
		C0B8E8F81901DC7D006387C6 /* tiro3.png */ = {isa = PBXFileReference; lastKnownFileType = image.png; path = tiro3.png; sourceTree = "<group>"; };
		C0B8E8F91901DC7D006387C6 /* tiro4.png */ = {isa = PBXFileReference; lastKnownFileType = image.png; path = tiro4.png; sourceTree = "<group>"; };
		C0B8E8FA1901DC7D006387C6 /* tiro5.png */ = {isa = PBXFileReference; lastKnownFileType = image.png; path = tiro5.png; sourceTree = "<group>"; };
		C0B8E8FB1901DC7D006387C6 /* tiro6.png */ = {isa = PBXFileReference; lastKnownFileType = image.png; path = tiro6.png; sourceTree = "<group>"; };
		C0B8E8FC1901DC7D006387C6 /* tiro7.png */ = {isa = PBXFileReference; lastKnownFileType = image.png; path = tiro7.png; sourceTree = "<group>"; };
		C0B8E8FD1901DC7D006387C6 /* tiro8.png */ = {isa = PBXFileReference; lastKnownFileType = image.png; path = tiro8.png; sourceTree = "<group>"; };
		C0B8E8FE1901DC7D006387C6 /* tiro9.png */ = {isa = PBXFileReference; lastKnownFileType = image.png; path = tiro9.png; sourceTree = "<group>"; };
/* End PBXFileReference section */

/* Begin PBXFrameworksBuildPhase section */
		C0203EF618FDAA590004143A /* Frameworks */ = {
			isa = PBXFrameworksBuildPhase;
			buildActionMask = 2147483647;
			files = (
				C0203EFF18FDAA590004143A /* CoreGraphics.framework in Frameworks */,
				C0203F0118FDAA590004143A /* UIKit.framework in Frameworks */,
				C0203F0318FDAA590004143A /* SpriteKit.framework in Frameworks */,
				C0203EFD18FDAA590004143A /* Foundation.framework in Frameworks */,
			);
			runOnlyForDeploymentPostprocessing = 0;
		};
		C0203F2118FDAA590004143A /* Frameworks */ = {
			isa = PBXFrameworksBuildPhase;
			buildActionMask = 2147483647;
			files = (
				C0203F2618FDAA590004143A /* XCTest.framework in Frameworks */,
				C0203F2818FDAA590004143A /* UIKit.framework in Frameworks */,
				C0203F2718FDAA590004143A /* Foundation.framework in Frameworks */,
			);
			runOnlyForDeploymentPostprocessing = 0;
		};
/* End PBXFrameworksBuildPhase section */

/* Begin PBXGroup section */
		C0203EF018FDAA590004143A = {
			isa = PBXGroup;
			children = (
				C0203F0418FDAA590004143A /* tutInvader */,
				C0203F2B18FDAA590004143A /* tutInvaderTests */,
				C0203EFB18FDAA590004143A /* Frameworks */,
				C0203EFA18FDAA590004143A /* Products */,
			);
			sourceTree = "<group>";
		};
		C0203EFA18FDAA590004143A /* Products */ = {
			isa = PBXGroup;
			children = (
				C0203EF918FDAA590004143A /* tutInvader.app */,
				C0203F2418FDAA590004143A /* tutInvaderTests.xctest */,
			);
			name = Products;
			sourceTree = "<group>";
		};
		C0203EFB18FDAA590004143A /* Frameworks */ = {
			isa = PBXGroup;
			children = (
				C0203EFC18FDAA590004143A /* Foundation.framework */,
				C0203EFE18FDAA590004143A /* CoreGraphics.framework */,
				C0203F0018FDAA590004143A /* UIKit.framework */,
				C0203F0218FDAA590004143A /* SpriteKit.framework */,
				C0203F2518FDAA590004143A /* XCTest.framework */,
			);
			name = Frameworks;
			sourceTree = "<group>";
		};
		C0203F0418FDAA590004143A /* tutInvader */ = {
			isa = PBXGroup;
			children = (
				2907EE1F190068DB00EC4BA0 /* jelly.png */,
				C0203F1E18FDAA590004143A /* Images.xcassets */,
				291736BE19004E5D005547B0 /* newbg1.png */,
				291736BF19004E5D005547B0 /* newbg2.png */,
				2950A26218FF189800EF7DEC /* background.png */,
				C0203F0D18FDAA590004143A /* AppDelegate.h */,
				299D323C1900702500E11CB6 /* gameFloor.h */,
				299D323D1900702500E11CB6 /* gameFloor.m */,
				C0203F0E18FDAA590004143A /* AppDelegate.m */,
				C0203F1018FDAA590004143A /* Main_iPhone.storyboard */,
				C0203F1318FDAA590004143A /* Main_iPad.storyboard */,
				C0203F1618FDAA590004143A /* ViewController.h */,
				C0203F1718FDAA590004143A /* ViewController.m */,
				299FCF691907050600AB7C5A /* Timer.h */,
				299FCF6A1907050600AB7C5A /* Timer.m */,
				C0203F1918FDAA590004143A /* gameScene.h */,
				C0203F1A18FDAA590004143A /* gameScene.m */,
				299D323F190076F100E11CB6 /* gameTut.h */,
				299D3240190076F100E11CB6 /* gameTut.m */,
				299D32421900772900E11CB6 /* Define.h */,
				C0203F1C18FDAA590004143A /* Spaceship.png */,
				C057247118FDAD9600C83273 /* images */,
				C0203F0518FDAA590004143A /* Supporting Files */,
				299FCF631906E81100AB7C5A /* FireParticle.sks */,
				299FCF671906E88200AB7C5A /* SnowParticle.sks */,
				299FCF641906E81100AB7C5A /* spark.png */,
			);
			path = tutInvader;
			sourceTree = "<group>";
		};
		C0203F0518FDAA590004143A /* Supporting Files */ = {
			isa = PBXGroup;
			children = (
				C0203F0618FDAA590004143A /* tutInvader-Info.plist */,
				C0203F0718FDAA590004143A /* InfoPlist.strings */,
				C0203F0A18FDAA590004143A /* main.m */,
				C0203F0C18FDAA590004143A /* tutInvader-Prefix.pch */,
			);
			name = "Supporting Files";
			sourceTree = "<group>";
		};
		C0203F2B18FDAA590004143A /* tutInvaderTests */ = {
			isa = PBXGroup;
			children = (
				C0203F3118FDAA590004143A /* tutInvaderTests.m */,
				C0203F2C18FDAA590004143A /* Supporting Files */,
			);
			path = tutInvaderTests;
			sourceTree = "<group>";
		};
		C0203F2C18FDAA590004143A /* Supporting Files */ = {
			isa = PBXGroup;
			children = (
				C0203F2D18FDAA590004143A /* tutInvaderTests-Info.plist */,
				C0203F2E18FDAA590004143A /* InfoPlist.strings */,
			);
			name = "Supporting Files";
			sourceTree = "<group>";
		};
		C057247118FDAD9600C83273 /* images */ = {
			isa = PBXGroup;
			children = (
				C0B8E8F51901DC7D006387C6 /* tiros */,
				C0B8E8F31901D9AD006387C6 /* tiro.png */,
				C057247218FDAD9600C83273 /* tut.png */,
			);
			path = images;
			sourceTree = "<group>";
		};
		C0B8E8F51901DC7D006387C6 /* tiros */ = {
			isa = PBXGroup;
			children = (
				C0B8E8F61901DC7D006387C6 /* tiro1.png */,
				C0B8E8F71901DC7D006387C6 /* tiro2.png */,
				C0B8E8F81901DC7D006387C6 /* tiro3.png */,
				C0B8E8F91901DC7D006387C6 /* tiro4.png */,
				C0B8E8FA1901DC7D006387C6 /* tiro5.png */,
				C0B8E8FB1901DC7D006387C6 /* tiro6.png */,
				C0B8E8FC1901DC7D006387C6 /* tiro7.png */,
				C0B8E8FD1901DC7D006387C6 /* tiro8.png */,
				C0B8E8FE1901DC7D006387C6 /* tiro9.png */,
			);
			path = tiros;
			sourceTree = "<group>";
		};
/* End PBXGroup section */

/* Begin PBXNativeTarget section */
		C0203EF818FDAA590004143A /* tutInvader */ = {
			isa = PBXNativeTarget;
			buildConfigurationList = C0203F3518FDAA590004143A /* Build configuration list for PBXNativeTarget "tutInvader" */;
			buildPhases = (
				C0203EF518FDAA590004143A /* Sources */,
				C0203EF618FDAA590004143A /* Frameworks */,
				C0203EF718FDAA590004143A /* Resources */,
			);
			buildRules = (
			);
			dependencies = (
			);
			name = tutInvader;
			productName = tutInvader;
			productReference = C0203EF918FDAA590004143A /* tutInvader.app */;
			productType = "com.apple.product-type.application";
		};
		C0203F2318FDAA590004143A /* tutInvaderTests */ = {
			isa = PBXNativeTarget;
			buildConfigurationList = C0203F3818FDAA590004143A /* Build configuration list for PBXNativeTarget "tutInvaderTests" */;
			buildPhases = (
				C0203F2018FDAA590004143A /* Sources */,
				C0203F2118FDAA590004143A /* Frameworks */,
				C0203F2218FDAA590004143A /* Resources */,
			);
			buildRules = (
			);
			dependencies = (
				C0203F2A18FDAA590004143A /* PBXTargetDependency */,
			);
			name = tutInvaderTests;
			productName = tutInvaderTests;
			productReference = C0203F2418FDAA590004143A /* tutInvaderTests.xctest */;
			productType = "com.apple.product-type.bundle.unit-test";
		};
/* End PBXNativeTarget section */

/* Begin PBXProject section */
		C0203EF118FDAA590004143A /* Project object */ = {
			isa = PBXProject;
			attributes = {
				LastUpgradeCheck = 0510;
				ORGANIZATIONNAME = "Gabriel Vieira";
				TargetAttributes = {
					C0203F2318FDAA590004143A = {
						TestTargetID = C0203EF818FDAA590004143A;
					};
				};
			};
			buildConfigurationList = C0203EF418FDAA590004143A /* Build configuration list for PBXProject "tutInvader" */;
			compatibilityVersion = "Xcode 3.2";
			developmentRegion = English;
			hasScannedForEncodings = 0;
			knownRegions = (
				en,
				Base,
			);
			mainGroup = C0203EF018FDAA590004143A;
			productRefGroup = C0203EFA18FDAA590004143A /* Products */;
			projectDirPath = "";
			projectRoot = "";
			targets = (
				C0203EF818FDAA590004143A /* tutInvader */,
				C0203F2318FDAA590004143A /* tutInvaderTests */,
			);
		};
/* End PBXProject section */

/* Begin PBXResourcesBuildPhase section */
		C0203EF718FDAA590004143A /* Resources */ = {
			isa = PBXResourcesBuildPhase;
			buildActionMask = 2147483647;
			files = (
				291736C119004E5D005547B0 /* newbg2.png in Resources */,
				C0B8E9041901DC7D006387C6 /* tiro6.png in Resources */,
				C0203F1D18FDAA590004143A /* Spaceship.png in Resources */,
				C0B8E9061901DC7D006387C6 /* tiro8.png in Resources */,
				C0B8E9021901DC7D006387C6 /* tiro4.png in Resources */,
				291736C019004E5D005547B0 /* newbg1.png in Resources */,
				C0203F1F18FDAA590004143A /* Images.xcassets in Resources */,
				C0B8E9071901DC7D006387C6 /* tiro9.png in Resources */,
				299FCF651906E81100AB7C5A /* FireParticle.sks in Resources */,
				C0B8E9001901DC7D006387C6 /* tiro2.png in Resources */,
				299FCF681906E88200AB7C5A /* SnowParticle.sks in Resources */,
				C0B8E9011901DC7D006387C6 /* tiro3.png in Resources */,
				299FCF661906E81100AB7C5A /* spark.png in Resources */,
				2950A26318FF189800EF7DEC /* background.png in Resources */,
				C0203F1518FDAA590004143A /* Main_iPad.storyboard in Resources */,
				2907EE20190068DB00EC4BA0 /* jelly.png in Resources */,
				C057247318FDAD9600C83273 /* tut.png in Resources */,
				C0203F1218FDAA590004143A /* Main_iPhone.storyboard in Resources */,
				C0203F0918FDAA590004143A /* InfoPlist.strings in Resources */,
				C0B8E8F41901D9AD006387C6 /* tiro.png in Resources */,
				C0B8E8FF1901DC7D006387C6 /* tiro1.png in Resources */,
				C0B8E9031901DC7D006387C6 /* tiro5.png in Resources */,
				C0B8E9051901DC7D006387C6 /* tiro7.png in Resources */,
			);
			runOnlyForDeploymentPostprocessing = 0;
		};
		C0203F2218FDAA590004143A /* Resources */ = {
			isa = PBXResourcesBuildPhase;
			buildActionMask = 2147483647;
			files = (
				C0203F3018FDAA590004143A /* InfoPlist.strings in Resources */,
			);
			runOnlyForDeploymentPostprocessing = 0;
		};
/* End PBXResourcesBuildPhase section */

/* Begin PBXSourcesBuildPhase section */
		C0203EF518FDAA590004143A /* Sources */ = {
			isa = PBXSourcesBuildPhase;
			buildActionMask = 2147483647;
			files = (
				C0203F1B18FDAA590004143A /* gameScene.m in Sources */,
				299D3241190076F100E11CB6 /* gameTut.m in Sources */,
				299D323E1900702500E11CB6 /* gameFloor.m in Sources */,
				C0203F1818FDAA590004143A /* ViewController.m in Sources */,
				C0203F0F18FDAA590004143A /* AppDelegate.m in Sources */,
				C0203F0B18FDAA590004143A /* main.m in Sources */,
				299FCF6B1907050600AB7C5A /* Timer.m in Sources */,
			);
			runOnlyForDeploymentPostprocessing = 0;
		};
		C0203F2018FDAA590004143A /* Sources */ = {
			isa = PBXSourcesBuildPhase;
			buildActionMask = 2147483647;
			files = (
				C0203F3218FDAA590004143A /* tutInvaderTests.m in Sources */,
			);
			runOnlyForDeploymentPostprocessing = 0;
		};
/* End PBXSourcesBuildPhase section */

/* Begin PBXTargetDependency section */
		C0203F2A18FDAA590004143A /* PBXTargetDependency */ = {
			isa = PBXTargetDependency;
			target = C0203EF818FDAA590004143A /* tutInvader */;
			targetProxy = C0203F2918FDAA590004143A /* PBXContainerItemProxy */;
		};
/* End PBXTargetDependency section */

/* Begin PBXVariantGroup section */
		C0203F0718FDAA590004143A /* InfoPlist.strings */ = {
			isa = PBXVariantGroup;
			children = (
				C0203F0818FDAA590004143A /* en */,
			);
			name = InfoPlist.strings;
			sourceTree = "<group>";
		};
		C0203F1018FDAA590004143A /* Main_iPhone.storyboard */ = {
			isa = PBXVariantGroup;
			children = (
				C0203F1118FDAA590004143A /* Base */,
			);
			name = Main_iPhone.storyboard;
			sourceTree = "<group>";
		};
		C0203F1318FDAA590004143A /* Main_iPad.storyboard */ = {
			isa = PBXVariantGroup;
			children = (
				C0203F1418FDAA590004143A /* Base */,
			);
			name = Main_iPad.storyboard;
			sourceTree = "<group>";
		};
		C0203F2E18FDAA590004143A /* InfoPlist.strings */ = {
			isa = PBXVariantGroup;
			children = (
				C0203F2F18FDAA590004143A /* en */,
			);
			name = InfoPlist.strings;
			sourceTree = "<group>";
		};
/* End PBXVariantGroup section */

/* Begin XCBuildConfiguration section */
		C0203F3318FDAA590004143A /* Debug */ = {
			isa = XCBuildConfiguration;
			buildSettings = {
				ALWAYS_SEARCH_USER_PATHS = NO;
				CLANG_CXX_LANGUAGE_STANDARD = "gnu++0x";
				CLANG_CXX_LIBRARY = "libc++";
				CLANG_ENABLE_MODULES = YES;
				CLANG_ENABLE_OBJC_ARC = YES;
				CLANG_WARN_BOOL_CONVERSION = YES;
				CLANG_WARN_CONSTANT_CONVERSION = YES;
				CLANG_WARN_DIRECT_OBJC_ISA_USAGE = YES_ERROR;
				CLANG_WARN_EMPTY_BODY = YES;
				CLANG_WARN_ENUM_CONVERSION = YES;
				CLANG_WARN_INT_CONVERSION = YES;
				CLANG_WARN_OBJC_ROOT_CLASS = YES_ERROR;
				CLANG_WARN__DUPLICATE_METHOD_MATCH = YES;
				"CODE_SIGN_IDENTITY[sdk=iphoneos*]" = "iPhone Developer";
				COPY_PHASE_STRIP = NO;
				GCC_C_LANGUAGE_STANDARD = gnu99;
				GCC_DYNAMIC_NO_PIC = NO;
				GCC_OPTIMIZATION_LEVEL = 0;
				GCC_PREPROCESSOR_DEFINITIONS = (
					"DEBUG=1",
					"$(inherited)",
				);
				GCC_SYMBOLS_PRIVATE_EXTERN = NO;
				GCC_WARN_64_TO_32_BIT_CONVERSION = YES;
				GCC_WARN_ABOUT_RETURN_TYPE = YES_ERROR;
				GCC_WARN_UNDECLARED_SELECTOR = YES;
				GCC_WARN_UNINITIALIZED_AUTOS = YES_AGGRESSIVE;
				GCC_WARN_UNUSED_FUNCTION = YES;
				GCC_WARN_UNUSED_VARIABLE = YES;
				IPHONEOS_DEPLOYMENT_TARGET = 7.1;
				ONLY_ACTIVE_ARCH = YES;
				SDKROOT = iphoneos;
				TARGETED_DEVICE_FAMILY = "1,2";
			};
			name = Debug;
		};
		C0203F3418FDAA590004143A /* Release */ = {
			isa = XCBuildConfiguration;
			buildSettings = {
				ALWAYS_SEARCH_USER_PATHS = NO;
				CLANG_CXX_LANGUAGE_STANDARD = "gnu++0x";
				CLANG_CXX_LIBRARY = "libc++";
				CLANG_ENABLE_MODULES = YES;
				CLANG_ENABLE_OBJC_ARC = YES;
				CLANG_WARN_BOOL_CONVERSION = YES;
				CLANG_WARN_CONSTANT_CONVERSION = YES;
				CLANG_WARN_DIRECT_OBJC_ISA_USAGE = YES_ERROR;
				CLANG_WARN_EMPTY_BODY = YES;
				CLANG_WARN_ENUM_CONVERSION = YES;
				CLANG_WARN_INT_CONVERSION = YES;
				CLANG_WARN_OBJC_ROOT_CLASS = YES_ERROR;
				CLANG_WARN__DUPLICATE_METHOD_MATCH = YES;
				"CODE_SIGN_IDENTITY[sdk=iphoneos*]" = "iPhone Developer";
				COPY_PHASE_STRIP = YES;
				ENABLE_NS_ASSERTIONS = NO;
				GCC_C_LANGUAGE_STANDARD = gnu99;
				GCC_WARN_64_TO_32_BIT_CONVERSION = YES;
				GCC_WARN_ABOUT_RETURN_TYPE = YES_ERROR;
				GCC_WARN_UNDECLARED_SELECTOR = YES;
				GCC_WARN_UNINITIALIZED_AUTOS = YES_AGGRESSIVE;
				GCC_WARN_UNUSED_FUNCTION = YES;
				GCC_WARN_UNUSED_VARIABLE = YES;
				IPHONEOS_DEPLOYMENT_TARGET = 7.1;
				SDKROOT = iphoneos;
				TARGETED_DEVICE_FAMILY = "1,2";
				VALIDATE_PRODUCT = YES;
			};
			name = Release;
		};
		C0203F3618FDAA590004143A /* Debug */ = {
			isa = XCBuildConfiguration;
			buildSettings = {
				ASSETCATALOG_COMPILER_APPICON_NAME = AppIcon;
				ASSETCATALOG_COMPILER_LAUNCHIMAGE_NAME = LaunchImage;
				GCC_PRECOMPILE_PREFIX_HEADER = YES;
				GCC_PREFIX_HEADER = "tutInvader/tutInvader-Prefix.pch";
				INFOPLIST_FILE = "tutInvader/tutInvader-Info.plist";
				PRODUCT_NAME = "$(TARGET_NAME)";
				SPRITEKIT_TEXTURE_ATLAS_OUTPUT = YES;
				WRAPPER_EXTENSION = app;
			};
			name = Debug;
		};
		C0203F3718FDAA590004143A /* Release */ = {
			isa = XCBuildConfiguration;
			buildSettings = {
				ASSETCATALOG_COMPILER_APPICON_NAME = AppIcon;
				ASSETCATALOG_COMPILER_LAUNCHIMAGE_NAME = LaunchImage;
				GCC_PRECOMPILE_PREFIX_HEADER = YES;
				GCC_PREFIX_HEADER = "tutInvader/tutInvader-Prefix.pch";
				INFOPLIST_FILE = "tutInvader/tutInvader-Info.plist";
				PRODUCT_NAME = "$(TARGET_NAME)";
				SPRITEKIT_TEXTURE_ATLAS_OUTPUT = YES;
				WRAPPER_EXTENSION = app;
			};
			name = Release;
		};
		C0203F3918FDAA590004143A /* Debug */ = {
			isa = XCBuildConfiguration;
			buildSettings = {
				BUNDLE_LOADER = "$(BUILT_PRODUCTS_DIR)/tutInvader.app/tutInvader";
				FRAMEWORK_SEARCH_PATHS = (
					"$(SDKROOT)/Developer/Library/Frameworks",
					"$(inherited)",
					"$(DEVELOPER_FRAMEWORKS_DIR)",
				);
				GCC_PRECOMPILE_PREFIX_HEADER = YES;
				GCC_PREFIX_HEADER = "tutInvader/tutInvader-Prefix.pch";
				GCC_PREPROCESSOR_DEFINITIONS = (
					"DEBUG=1",
					"$(inherited)",
				);
				INFOPLIST_FILE = "tutInvaderTests/tutInvaderTests-Info.plist";
				PRODUCT_NAME = "$(TARGET_NAME)";
				TEST_HOST = "$(BUNDLE_LOADER)";
				WRAPPER_EXTENSION = xctest;
			};
			name = Debug;
		};
		C0203F3A18FDAA590004143A /* Release */ = {
			isa = XCBuildConfiguration;
			buildSettings = {
				BUNDLE_LOADER = "$(BUILT_PRODUCTS_DIR)/tutInvader.app/tutInvader";
				FRAMEWORK_SEARCH_PATHS = (
					"$(SDKROOT)/Developer/Library/Frameworks",
					"$(inherited)",
					"$(DEVELOPER_FRAMEWORKS_DIR)",
				);
				GCC_PRECOMPILE_PREFIX_HEADER = YES;
				GCC_PREFIX_HEADER = "tutInvader/tutInvader-Prefix.pch";
				INFOPLIST_FILE = "tutInvaderTests/tutInvaderTests-Info.plist";
				PRODUCT_NAME = "$(TARGET_NAME)";
				TEST_HOST = "$(BUNDLE_LOADER)";
				WRAPPER_EXTENSION = xctest;
			};
			name = Release;
		};
/* End XCBuildConfiguration section */

/* Begin XCConfigurationList section */
		C0203EF418FDAA590004143A /* Build configuration list for PBXProject "tutInvader" */ = {
			isa = XCConfigurationList;
			buildConfigurations = (
				C0203F3318FDAA590004143A /* Debug */,
				C0203F3418FDAA590004143A /* Release */,
			);
			defaultConfigurationIsVisible = 0;
			defaultConfigurationName = Release;
		};
		C0203F3518FDAA590004143A /* Build configuration list for PBXNativeTarget "tutInvader" */ = {
			isa = XCConfigurationList;
			buildConfigurations = (
				C0203F3618FDAA590004143A /* Debug */,
				C0203F3718FDAA590004143A /* Release */,
			);
			defaultConfigurationIsVisible = 0;
			defaultConfigurationName = Release;
		};
		C0203F3818FDAA590004143A /* Build configuration list for PBXNativeTarget "tutInvaderTests" */ = {
			isa = XCConfigurationList;
			buildConfigurations = (
				C0203F3918FDAA590004143A /* Debug */,
				C0203F3A18FDAA590004143A /* Release */,
			);
			defaultConfigurationIsVisible = 0;
			defaultConfigurationName = Release;
		};
/* End XCConfigurationList section */
	};
	rootObject = C0203EF118FDAA590004143A /* Project object */;
}
